
Microsoft Visual Studio Solution File, Format Version 12.00
Project("{FAE04EC0-301F-11D3-BF4B-00C04F79EFBC}") = "HowMuchBunny", "HowMuchBunny/HowMuchBunny.csproj", "{1D63FBB0-2952-43F6-9EAB-54C2212806AE}"
EndProject
Global
	GlobalSection(SolutionConfigurationPlatforms) = preSolution
		Debug|Any CPU = Debug|Any CPU
		Release|Any CPU = Release|Any CPU
	EndGlobalSection
	GlobalSection(ProjectConfigurationPlatforms) = postSolution
		{1D63FBB0-2952-43F6-9EAB-54C2212806AE}.Debug|Any CPU.ActiveCfg = Debug|Any CPU
		{1D63FBB0-2952-43F6-9EAB-54C2212806AE}.Debug|Any CPU.Build.0 = Debug|Any CPU
		{1D63FBB0-2952-43F6-9EAB-54C2212806AE}.Release|Any CPU.ActiveCfg = Release|Any CPU
		{1D63FBB0-2952-43F6-9EAB-54C2212806AE}.Release|Any CPU.Build.0 = Release|Any CPU
	EndGlobalSection
EndGlobal
